
Microsoft Visual Studio Solution File, Format Version 12.00
# Visual Studio Version 16
VisualStudioVersion = 16.0.30907.101
MinimumVisualStudioVersion = 10.0.40219.1
Project("{8BC9CEB8-8B4A-11D0-8D11-00A0C91BC942}") = "The_Great_War", "The_Great_War.vcxproj", "{A4A3038D-5850-4E20-A9B2-3C76809129A7}"
EndProject
Global
	GlobalSection(SolutionConfigurationPlatforms) = preSolution
		Debug|x64 = Debug|x64
		Debug|x86 = Debug|x86
		Release|x64 = Release|x64
		Release|x86 = Release|x86
	EndGlobalSection
	GlobalSection(ProjectConfigurationPlatforms) = postSolution
		{A4A3038D-5850-4E20-A9B2-3C76809129A7}.Debug|x64.ActiveCfg = Debug|x64
		{A4A3038D-5850-4E20-A9B2-3C76809129A7}.Debug|x64.Build.0 = Debug|x64
		{A4A3038D-5850-4E20-A9B2-3C76809129A7}.Debug|x86.ActiveCfg = Debug|Win32
		{A4A3038D-5850-4E20-A9B2-3C76809129A7}.Debug|x86.Build.0 = Debug|Win32
		{A4A3038D-5850-4E20-A9B2-3C76809129A7}.Release|x64.ActiveCfg = Release|x64
		{A4A3038D-5850-4E20-A9B2-3C76809129A7}.Release|x64.Build.0 = Release|x64
		{A4A3038D-5850-4E20-A9B2-3C76809129A7}.Release|x86.ActiveCfg = Release|Win32
		{A4A3038D-5850-4E20-A9B2-3C76809129A7}.Release|x86.Build.0 = Release|Win32
	EndGlobalSection
	GlobalSection(SolutionProperties) = preSolution
		HideSolutionNode = FALSE
	EndGlobalSection
	GlobalSection(ExtensibilityGlobals) = postSolution
		SolutionGuid = {5ABFDB9C-2E2F-40D8-A470-7F43DC23866F}
	EndGlobalSection
EndGlobal
